
Microsoft Visual Studio Solution File, Format Version 12.00
# Visual Studio Version 17
VisualStudioVersion = 17.0.32014.148
MinimumVisualStudioVersion = 10.0.40219.1
Project("{9A19103F-16F7-4668-BE54-9A1E7A4F7556}") = "Tests", "Tests\Tests.csproj", "{88A53899-7339-48C5-9650-79063679DF45}"
EndProject
Project("{9A19103F-16F7-4668-BE54-9A1E7A4F7556}") = "Banker", "Banker\Banker.csproj", "{15B5B831-0E6F-4915-962F-73EEAE9A2EE4}"
EndProject
Project("{2150E333-8FDC-42A3-9474-1A3956D46DE8}") = "Solution Items", "Solution Items", "{89E85E42-FC58-4F4D-B139-A6D86E2C193F}"
	ProjectSection(SolutionItems) = preProject
		.editorconfig = .editorconfig
	EndProjectSection
EndProject
Global
	GlobalSection(SolutionConfigurationPlatforms) = preSolution
		Debug|Any CPU = Debug|Any CPU
		Release|Any CPU = Release|Any CPU
	EndGlobalSection
	GlobalSection(ProjectConfigurationPlatforms) = postSolution
		{88A53899-7339-48C5-9650-79063679DF45}.Debug|Any CPU.ActiveCfg = Debug|Any CPU
		{88A53899-7339-48C5-9650-79063679DF45}.Debug|Any CPU.Build.0 = Debug|Any CPU
		{88A53899-7339-48C5-9650-79063679DF45}.Release|Any CPU.ActiveCfg = Release|Any CPU
		{88A53899-7339-48C5-9650-79063679DF45}.Release|Any CPU.Build.0 = Release|Any CPU
		{15B5B831-0E6F-4915-962F-73EEAE9A2EE4}.Debug|Any CPU.ActiveCfg = Debug|Any CPU
		{15B5B831-0E6F-4915-962F-73EEAE9A2EE4}.Debug|Any CPU.Build.0 = Debug|Any CPU
		{15B5B831-0E6F-4915-962F-73EEAE9A2EE4}.Release|Any CPU.ActiveCfg = Release|Any CPU
		{15B5B831-0E6F-4915-962F-73EEAE9A2EE4}.Release|Any CPU.Build.0 = Release|Any CPU
	EndGlobalSection
	GlobalSection(SolutionProperties) = preSolution
		HideSolutionNode = FALSE
	EndGlobalSection
	GlobalSection(ExtensibilityGlobals) = postSolution
		SolutionGuid = {64F651A3-50E9-401D-8364-E6EBEB1D961F}
	EndGlobalSection
EndGlobal
